{
    "_readme": [
        "This file locks the dependencies of your project to a known state",
        "Read more about it at https://getcomposer.org/doc/01-basic-usage.md#installing-dependencies",
        "This file is @generated automatically"
    ],
    "content-hash": "a08e95cbffde4294f5617e93450098bc",
    "packages": [
        {
            "name": "automattic/jetpack-autoloader",
            "version": "v2.11.15",
            "source": {
                "type": "git",
                "url": "https://github.com/Automattic/jetpack-autoloader.git",
                "reference": "10819bc78006a701e7d1af1ce7b36bd699b942f2"
            },
            "dist": {
                "type": "zip",
                "url": "https://api.github.com/repos/Automattic/jetpack-autoloader/zipball/10819bc78006a701e7d1af1ce7b36bd699b942f2",
                "reference": "10819bc78006a701e7d1af1ce7b36bd699b942f2",
                "shasum": ""
            },
            "require": {
                "composer-plugin-api": "^1.1 || ^2.0"
            },
            "require-dev": {
                "automattic/jetpack-changelogger": "^3.3.1",
                "yoast/phpunit-polyfills": "1.0.4"
            },
            "type": "composer-plugin",
            "extra": {
                "autotagger": true,
                "class": "Automattic\\Jetpack\\Autoloader\\CustomAutoloaderPlugin",
                "mirror-repo": "Automattic/jetpack-autoloader",
                "changelogger": {
                    "link-template": "https://github.com/Automattic/jetpack-autoloader/compare/v${old}...v${new}"
                },
                "branch-alias": {
                    "dev-trunk": "2.11.x-dev"
                }
            },
            "autoload": {
                "psr-4": {
                    "Automattic\\Jetpack\\Autoloader\\": "src"
                },
                "classmap": [
                    "src/AutoloadGenerator.php"
                ]
            },
            "notification-url": "https://packagist.org/downloads/",
            "license": [
                "GPL-2.0-or-later"
            ],
            "description": "Creates a custom autoloader for a plugin or theme.",
            "support": {
                "source": "https://github.com/Automattic/jetpack-autoloader/tree/v2.11.15"
            },
            "time": "2023-01-11T16:00:24+00:00"
        },
        {
            "name": "cardanopress/framework",
            "version": "dev-edge",
            "source": {
                "type": "git",
                "url": "https://github.com/CardanoPress/framework.git",
                "reference": "fe1883f2745a3fbde941353a0cbb21a6a45d23a3"
            },
            "dist": {
                "type": "zip",
                "url": "https://api.github.com/repos/CardanoPress/framework/zipball/fe1883f2745a3fbde941353a0cbb21a6a45d23a3",
                "reference": "fe1883f2745a3fbde941353a0cbb21a6a45d23a3",
                "shasum": ""
            },
            "require": {
                "ext-json": "*",
                "php": "^7.4|^8.0"
            },
            "type": "library",
            "autoload": {
                "files": [
                    "dependencies/compatibility.php"
                ],
                "psr-4": {
                    "CardanoPress\\": "src/",
                    "CardanoPress\\Dependencies\\": "dependencies/"
                }
            },
            "notification-url": "https://packagist.org/downloads/",
            "license": [
                "GPL-2.0-only"
            ],
            "authors": [
                {
                    "name": "Gene Alyson Fortunado Torcende",
                    "email": "mail@pbwebdev.com",
                    "homepage": "https://pbwebdev.com"
                }
            ],
            "description": "A ThemePlate project for Cardano WordPress integration",
            "keywords": [
                "cardano",
                "cardanopress",
                "generator-themeplate",
                "themeplate",
                "wordpress"
            ],
            "support": {
                "issues": "https://github.com/CardanoPress/framework/issues",
                "source": "https://github.com/CardanoPress/framework/tree/edge"
            },
            "time": "2023-02-15T09:10:53+00:00"
        }
    ],
    "packages-dev": [],
    "aliases": [],
    "minimum-stability": "stable",
    "stability-flags": {
        "cardanopress/framework": 20
    },
    "prefer-stable": true,
    "prefer-lowest": false,
    "platform": {
        "php": "^7.4|^8.0",
        "ext-json": "*",
        "ext-ctype": "*"
    },
    "platform-dev": [],
    "plugin-api-version": "2.3.0"
}
