{
    "_readme": [
        "This file locks the dependencies of your project to a known state",
        "Read more about it at https://getcomposer.org/doc/01-basic-usage.md#installing-dependencies",
        "This file is @generated automatically"
    ],
    "content-hash": "2d34215bf77ab16d217a21abad6bc81f",
    "packages": [
        {
            "name": "automattic/jetpack-autoloader",
            "version": "v2.12.0",
            "source": {
                "type": "git",
                "url": "https://github.com/Automattic/jetpack-autoloader.git",
                "reference": "632b69cfc73ed5505f2b03165e7f68d414d0da12"
            },
            "dist": {
                "type": "zip",
                "url": "https://api.github.com/repos/Automattic/jetpack-autoloader/zipball/632b69cfc73ed5505f2b03165e7f68d414d0da12",
                "reference": "632b69cfc73ed5505f2b03165e7f68d414d0da12",
                "shasum": ""
            },
            "require": {
                "composer-plugin-api": "^1.1 || ^2.0"
            },
            "require-dev": {
                "automattic/jetpack-changelogger": "^3.3.11",
                "yoast/phpunit-polyfills": "1.1.0"
            },
            "type": "composer-plugin",
            "extra": {
                "autotagger": true,
                "class": "Automattic\\Jetpack\\Autoloader\\CustomAutoloaderPlugin",
                "mirror-repo": "Automattic/jetpack-autoloader",
                "changelogger": {
                    "link-template": "https://github.com/Automattic/jetpack-autoloader/compare/v${old}...v${new}"
                },
                "version-constants": {
                    "::VERSION": "src/AutoloadGenerator.php"
                },
                "branch-alias": {
                    "dev-trunk": "2.12.x-dev"
                }
            },
            "autoload": {
                "psr-4": {
                    "Automattic\\Jetpack\\Autoloader\\": "src"
                },
                "classmap": [
                    "src/AutoloadGenerator.php"
                ]
            },
            "notification-url": "https://packagist.org/downloads/",
            "license": [
                "GPL-2.0-or-later"
            ],
            "description": "Creates a custom autoloader for a plugin or theme.",
            "keywords": [
                "autoload",
                "autoloader",
                "composer",
                "jetpack",
                "plugin",
                "wordpress"
            ],
            "support": {
                "source": "https://github.com/Automattic/jetpack-autoloader/tree/v2.12.0"
            },
            "time": "2023-09-28T18:33:34+00:00"
        },
        {
            "name": "cardanopress/framework",
            "version": "v2.5.0",
            "source": {
                "type": "git",
                "url": "https://github.com/CardanoPress/framework.git",
                "reference": "4b815373dd127cd6523e9a88dc8a778903c32abd"
            },
            "dist": {
                "type": "zip",
                "url": "https://api.github.com/repos/CardanoPress/framework/zipball/4b815373dd127cd6523e9a88dc8a778903c32abd",
                "reference": "4b815373dd127cd6523e9a88dc8a778903c32abd",
                "shasum": ""
            },
            "require": {
                "ext-json": "*",
                "php": "^7.4|^8.0"
            },
            "require-dev": {
                "automattic/jetpack-autoloader": "^2.12",
                "themeplate/tester": "^2.1"
            },
            "type": "library",
            "autoload": {
                "files": [
                    "dependencies/compatibility.php"
                ],
                "psr-4": {
                    "CardanoPress\\": "src/",
                    "CardanoPress\\Dependencies\\": "dependencies/"
                }
            },
            "notification-url": "https://packagist.org/downloads/",
            "license": [
                "GPL-2.0-only"
            ],
            "authors": [
                {
                    "name": "Gene Alyson Fortunado Torcende",
                    "email": "mail@pbwebdev.com",
                    "homepage": "https://pbwebdev.com"
                }
            ],
            "description": "A ThemePlate project for Cardano WordPress integration",
            "keywords": [
                "cardano",
                "cardanopress",
                "generator-themeplate",
                "themeplate",
                "wordpress"
            ],
            "support": {
                "issues": "https://github.com/CardanoPress/framework/issues",
                "source": "https://github.com/CardanoPress/framework/tree/v2.5.0"
            },
            "time": "2024-05-17T03:25:25+00:00"
        }
    ],
    "packages-dev": [],
    "aliases": [],
    "minimum-stability": "stable",
    "stability-flags": [],
    "prefer-stable": true,
    "prefer-lowest": false,
    "platform": {
        "php": "^7.4|^8.0",
        "ext-json": "*",
        "ext-fileinfo": "*",
        "ext-ctype": "*"
    },
    "platform-dev": [],
    "plugin-api-version": "2.6.0"
}
