{
    "_readme": [
        "This file locks the dependencies of your project to a known state",
        "Read more about it at https://getcomposer.org/doc/01-basic-usage.md#installing-dependencies",
        "This file is @generated automatically"
    ],
    "content-hash": "e4290ca39b6a618aad0efc7fc04443c7",
    "packages": [
        {
            "name": "2tvenom/cborencode",
            "version": "1.0.2",
            "source": {
                "type": "git",
                "url": "https://github.com/2tvenom/CBOREncode.git",
                "reference": "42aedccb861d01fc0554782348cc08f8ebf22332"
            },
            "dist": {
                "type": "zip",
                "url": "https://api.github.com/repos/2tvenom/CBOREncode/zipball/42aedccb861d01fc0554782348cc08f8ebf22332",
                "reference": "42aedccb861d01fc0554782348cc08f8ebf22332",
                "shasum": ""
            },
            "require": {
                "php": ">=5.4.0"
            },
            "type": "library",
            "autoload": {
                "psr-0": {
                    "CBOR": "src"
                }
            },
            "notification-url": "https://packagist.org/downloads/",
            "license": [
                "PHP"
            ],
            "authors": [
                {
                    "name": "Pavel <Ven> Gulbin",
                    "email": "2tvenom@gmail.com",
                    "role": "Developer"
                }
            ],
            "description": "CBOR encoder for PHP",
            "homepage": "https://github.com/2tvenom/CBOREncode",
            "keywords": [
                "cbor"
            ],
            "support": {
                "issues": "https://github.com/2tvenom/CBOREncode/issues",
                "source": "https://github.com/2tvenom/CBOREncode/tree/1.0.2"
            },
            "time": "2020-10-27T07:22:41+00:00"
        },
        {
            "name": "automattic/jetpack-autoloader",
            "version": "v5.0.15",
            "source": {
                "type": "git",
                "url": "https://github.com/Automattic/jetpack-autoloader.git",
                "reference": "d5263d6ffa91dc0d0d39b1df54de1e9bb2091364"
            },
            "dist": {
                "type": "zip",
                "url": "https://api.github.com/repos/Automattic/jetpack-autoloader/zipball/d5263d6ffa91dc0d0d39b1df54de1e9bb2091364",
                "reference": "d5263d6ffa91dc0d0d39b1df54de1e9bb2091364",
                "shasum": ""
            },
            "require": {
                "composer-plugin-api": "^2.2",
                "php": ">=7.2"
            },
            "require-dev": {
                "automattic/jetpack-changelogger": "^6.0.12",
                "automattic/phpunit-select-config": "^1.0.3",
                "composer/composer": "^2.2",
                "yoast/phpunit-polyfills": "^4.0.0"
            },
            "type": "composer-plugin",
            "extra": {
                "class": "Automattic\\Jetpack\\Autoloader\\CustomAutoloaderPlugin",
                "autotagger": true,
                "mirror-repo": "Automattic/jetpack-autoloader",
                "branch-alias": {
                    "dev-trunk": "5.0.x-dev"
                },
                "changelogger": {
                    "link-template": "https://github.com/Automattic/jetpack-autoloader/compare/v${old}...v${new}"
                },
                "version-constants": {
                    "::VERSION": "src/AutoloadGenerator.php"
                }
            },
            "autoload": {
                "psr-4": {
                    "Automattic\\Jetpack\\Autoloader\\": "src"
                },
                "classmap": [
                    "src/AutoloadGenerator.php"
                ]
            },
            "notification-url": "https://packagist.org/downloads/",
            "license": [
                "GPL-2.0-or-later"
            ],
            "description": "Creates a custom autoloader for a plugin or theme.",
            "keywords": [
                "autoload",
                "autoloader",
                "composer",
                "jetpack",
                "plugin",
                "wordpress"
            ],
            "support": {
                "source": "https://github.com/Automattic/jetpack-autoloader/tree/v5.0.15"
            },
            "time": "2025-12-15T11:22:11+00:00"
        },
        {
            "name": "cardanopress/framework",
            "version": "v2.16.0",
            "source": {
                "type": "git",
                "url": "https://github.com/CardanoPress/framework.git",
                "reference": "170b732382816c3b868dc923396f9de0a94865a3"
            },
            "dist": {
                "type": "zip",
                "url": "https://api.github.com/repos/CardanoPress/framework/zipball/170b732382816c3b868dc923396f9de0a94865a3",
                "reference": "170b732382816c3b868dc923396f9de0a94865a3",
                "shasum": ""
            },
            "require": {
                "ext-json": "*",
                "php": "^7.4|^8.2"
            },
            "require-dev": {
                "automattic/jetpack-autoloader": "^5.0",
                "coenjacobs/mozart": "^0.7.1",
                "themeplate/tester": "^2.1"
            },
            "type": "library",
            "autoload": {
                "files": [
                    "dependencies/compatibility.php"
                ],
                "psr-4": {
                    "CardanoPress\\": "src",
                    "CardanoPress\\Dependencies\\": "dependencies"
                }
            },
            "notification-url": "https://packagist.org/downloads/",
            "license": [
                "GPL-2.0-only"
            ],
            "authors": [
                {
                    "name": "Gene Alyson Fortunado Torcende",
                    "email": "mail@pbwebdev.com",
                    "homepage": "https://pbwebdev.com"
                }
            ],
            "description": "A ThemePlate project for Cardano WordPress integration",
            "keywords": [
                "cardano",
                "cardanopress",
                "generator-themeplate",
                "themeplate",
                "wordpress"
            ],
            "support": {
                "issues": "https://github.com/CardanoPress/framework/issues",
                "source": "https://github.com/CardanoPress/framework/tree/v2.16.0"
            },
            "time": "2026-01-07T06:08:59+00:00"
        },
        {
            "name": "kermage/cardanophp",
            "version": "v0.3.0",
            "source": {
                "type": "git",
                "url": "https://github.com/kermage/CardanoPHP.git",
                "reference": "2cea0e1a11f11bc8ac677951757eee52fe82f0ba"
            },
            "dist": {
                "type": "zip",
                "url": "https://api.github.com/repos/kermage/CardanoPHP/zipball/2cea0e1a11f11bc8ac677951757eee52fe82f0ba",
                "reference": "2cea0e1a11f11bc8ac677951757eee52fe82f0ba",
                "shasum": ""
            },
            "require": {
                "2tvenom/cborencode": "^1.0",
                "ext-sodium": "*",
                "php": "^7.4|^8.2"
            },
            "require-dev": {
                "themeplate/tester": "^2.2"
            },
            "type": "library",
            "autoload": {
                "psr-4": {
                    "CardanoPHP\\": "src/"
                }
            },
            "notification-url": "https://packagist.org/downloads/",
            "license": [
                "GPL-3.0-only"
            ],
            "authors": [
                {
                    "name": "Gene Alyson Fortunado Torcende",
                    "email": "genealyson.torcende@gmail.com"
                }
            ],
            "support": {
                "issues": "https://github.com/kermage/CardanoPHP/issues",
                "source": "https://github.com/kermage/CardanoPHP/tree/v0.3.0"
            },
            "time": "2024-12-04T00:06:04+00:00"
        }
    ],
    "packages-dev": [],
    "aliases": [],
    "minimum-stability": "stable",
    "stability-flags": {},
    "prefer-stable": true,
    "prefer-lowest": false,
    "platform": {
        "php": "^7.4|^8.2",
        "ext-json": "*",
        "ext-fileinfo": "*",
        "ext-ctype": "*"
    },
    "platform-dev": {},
    "platform-overrides": {
        "php": "7.4"
    },
    "plugin-api-version": "2.9.0"
}
